
Microsoft Visual Studio Solution File, Format Version 12.00
# Visual Studio 2012
Project("{FAE04EC0-301F-11D3-BF4B-00C04F79EFBC}") = "FxSharp", "FxSharp\FxSharp.csproj", "{2290934B-5E2E-451D-AE75-4313F4145B7D}"
EndProject
Global
	GlobalSection(SolutionConfigurationPlatforms) = preSolution
		Debug|Any CPU = Debug|Any CPU
		Release|Any CPU = Release|Any CPU
	EndGlobalSection
	GlobalSection(ProjectConfigurationPlatforms) = postSolution
		{2290934B-5E2E-451D-AE75-4313F4145B7D}.Debug|Any CPU.ActiveCfg = Debug|Any CPU
		{2290934B-5E2E-451D-AE75-4313F4145B7D}.Debug|Any CPU.Build.0 = Debug|Any CPU
		{2290934B-5E2E-451D-AE75-4313F4145B7D}.Release|Any CPU.ActiveCfg = Release|Any CPU
		{2290934B-5E2E-451D-AE75-4313F4145B7D}.Release|Any CPU.Build.0 = Release|Any CPU
	EndGlobalSection
	GlobalSection(SolutionProperties) = preSolution
		HideSolutionNode = FALSE
	EndGlobalSection
EndGlobal
